// !$*UTF8*$!
{
	archiveVersion = 1;
	classes = {
	};
	objectVersion = 46;
	objects = {

/* Begin PBXBuildFile section */
		C5ECB8BA1E06200C00626CD8 /* AppDelegate.swift in Sources */ = {isa = PBXBuildFile; fileRef = C5ECB8B91E06200C00626CD8 /* AppDelegate.swift */; };
		C5ECB8BC1E06200C00626CD8 /* ViewController.swift in Sources */ = {isa = PBXBuildFile; fileRef = C5ECB8BB1E06200C00626CD8 /* ViewController.swift */; };
		C5ECB8BF1E06200C00626CD8 /* Main.storyboard in Resources */ = {isa = PBXBuildFile; fileRef = C5ECB8BD1E06200C00626CD8 /* Main.storyboard */; };
		C5ECB8C11E06200C00626CD8 /* Assets.xcassets in Resources */ = {isa = PBXBuildFile; fileRef = C5ECB8C01E06200C00626CD8 /* Assets.xcassets */; };
		C5ECB8C41E06200C00626CD8 /* LaunchScreen.storyboard in Resources */ = {isa = PBXBuildFile; fileRef = C5ECB8C21E06200C00626CD8 /* LaunchScreen.storyboard */; };
		C5ECB8CF1E06200C00626CD8 /* TMDBAppTestTests.swift in Sources */ = {isa = PBXBuildFile; fileRef = C5ECB8CE1E06200C00626CD8 /* TMDBAppTestTests.swift */; };
/* End PBXBuildFile section */

/* Begin PBXContainerItemProxy section */
		C5ECB8CB1E06200C00626CD8 /* PBXContainerItemProxy */ = {
			isa = PBXContainerItemProxy;
			containerPortal = C5ECB8AE1E06200C00626CD8 /* Project object */;
			proxyType = 1;
			remoteGlobalIDString = C5ECB8B51E06200C00626CD8;
			remoteInfo = TMDBAppTest;
		};
/* End PBXContainerItemProxy section */

/* Begin PBXFileReference section */
		C5ECB8B61E06200C00626CD8 /* TMDBAppTest.app */ = {isa = PBXFileReference; explicitFileType = wrapper.application; includeInIndex = 0; path = TMDBAppTest.app; sourceTree = BUILT_PRODUCTS_DIR; };
		C5ECB8B91E06200C00626CD8 /* AppDelegate.swift */ = {isa = PBXFileReference; lastKnownFileType = sourcecode.swift; path = AppDelegate.swift; sourceTree = "<group>"; };
		C5ECB8BB1E06200C00626CD8 /* ViewController.swift */ = {isa = PBXFileReference; lastKnownFileType = sourcecode.swift; path = ViewController.swift; sourceTree = "<group>"; };
		C5ECB8BE1E06200C00626CD8 /* Base */ = {isa = PBXFileReference; lastKnownFileType = file.storyboard; name = Base; path = Base.lproj/Main.storyboard; sourceTree = "<group>"; };
		C5ECB8C01E06200C00626CD8 /* Assets.xcassets */ = {isa = PBXFileReference; lastKnownFileType = folder.assetcatalog; path = Assets.xcassets; sourceTree = "<group>"; };
		C5ECB8C31E06200C00626CD8 /* Base */ = {isa = PBXFileReference; lastKnownFileType = file.storyboard; name = Base; path = Base.lproj/LaunchScreen.storyboard; sourceTree = "<group>"; };
		C5ECB8C51E06200C00626CD8 /* Info.plist */ = {isa = PBXFileReference; lastKnownFileType = text.plist.xml; path = Info.plist; sourceTree = "<group>"; };
		C5ECB8CA1E06200C00626CD8 /* TMDBAppTestTests.xctest */ = {isa = PBXFileReference; explicitFileType = wrapper.cfbundle; includeInIndex = 0; path = TMDBAppTestTests.xctest; sourceTree = BUILT_PRODUCTS_DIR; };
		C5ECB8CE1E06200C00626CD8 /* TMDBAppTestTests.swift */ = {isa = PBXFileReference; lastKnownFileType = sourcecode.swift; path = TMDBAppTestTests.swift; sourceTree = "<group>"; };
		C5ECB8D01E06200C00626CD8 /* Info.plist */ = {isa = PBXFileReference; lastKnownFileType = text.plist.xml; path = Info.plist; sourceTree = "<group>"; };
/* End PBXFileReference section */

/* Begin PBXFrameworksBuildPhase section */
		C5ECB8B31E06200C00626CD8 /* Frameworks */ = {
			isa = PBXFrameworksBuildPhase;
			buildActionMask = 2147483647;
			files = (
			);
			runOnlyForDeploymentPostprocessing = 0;
		};
		C5ECB8C71E06200C00626CD8 /* Frameworks */ = {
			isa = PBXFrameworksBuildPhase;
			buildActionMask = 2147483647;
			files = (
			);
			runOnlyForDeploymentPostprocessing = 0;
		};
/* End PBXFrameworksBuildPhase section */

/* Begin PBXGroup section */
		C5ECB8AD1E06200C00626CD8 = {
			isa = PBXGroup;
			children = (
				C5ECB8B81E06200C00626CD8 /* TMDBAppTest */,
				C5ECB8CD1E06200C00626CD8 /* TMDBAppTestTests */,
				C5ECB8B71E06200C00626CD8 /* Products */,
			);
			sourceTree = "<group>";
		};
		C5ECB8B71E06200C00626CD8 /* Products */ = {
			isa = PBXGroup;
			children = (
				C5ECB8B61E06200C00626CD8 /* TMDBAppTest.app */,
				C5ECB8CA1E06200C00626CD8 /* TMDBAppTestTests.xctest */,
			);
			name = Products;
			sourceTree = "<group>";
		};
		C5ECB8B81E06200C00626CD8 /* TMDBAppTest */ = {
			isa = PBXGroup;
			children = (
				C5ECB8B91E06200C00626CD8 /* AppDelegate.swift */,
				C5ECB8BB1E06200C00626CD8 /* ViewController.swift */,
				C5ECB8BD1E06200C00626CD8 /* Main.storyboard */,
				C5ECB8C01E06200C00626CD8 /* Assets.xcassets */,
				C5ECB8C21E06200C00626CD8 /* LaunchScreen.storyboard */,
				C5ECB8C51E06200C00626CD8 /* Info.plist */,
			);
			path = TMDBAppTest;
			sourceTree = "<group>";
		};
		C5ECB8CD1E06200C00626CD8 /* TMDBAppTestTests */ = {
			isa = PBXGroup;
			children = (
				C5ECB8CE1E06200C00626CD8 /* TMDBAppTestTests.swift */,
				C5ECB8D01E06200C00626CD8 /* Info.plist */,
			);
			path = TMDBAppTestTests;
			sourceTree = "<group>";
		};
/* End PBXGroup section */

/* Begin PBXNativeTarget section */
		C5ECB8B51E06200C00626CD8 /* TMDBAppTest */ = {
			isa = PBXNativeTarget;
			buildConfigurationList = C5ECB8D31E06200C00626CD8 /* Build configuration list for PBXNativeTarget "TMDBAppTest" */;
			buildPhases = (
				C5ECB8B21E06200C00626CD8 /* Sources */,
				C5ECB8B31E06200C00626CD8 /* Frameworks */,
				C5ECB8B41E06200C00626CD8 /* Resources */,
			);
			buildRules = (
			);
			dependencies = (
			);
			name = TMDBAppTest;
			productName = TMDBAppTest;
			productReference = C5ECB8B61E06200C00626CD8 /* TMDBAppTest.app */;
			productType = "com.apple.product-type.application";
		};
		C5ECB8C91E06200C00626CD8 /* TMDBAppTestTests */ = {
			isa = PBXNativeTarget;
			buildConfigurationList = C5ECB8D61E06200C00626CD8 /* Build configuration list for PBXNativeTarget "TMDBAppTestTests" */;
			buildPhases = (
				C5ECB8C61E06200C00626CD8 /* Sources */,
				C5ECB8C71E06200C00626CD8 /* Frameworks */,
				C5ECB8C81E06200C00626CD8 /* Resources */,
			);
			buildRules = (
			);
			dependencies = (
				C5ECB8CC1E06200C00626CD8 /* PBXTargetDependency */,
			);
			name = TMDBAppTestTests;
			productName = TMDBAppTestTests;
			productReference = C5ECB8CA1E06200C00626CD8 /* TMDBAppTestTests.xctest */;
			productType = "com.apple.product-type.bundle.unit-test";
		};
/* End PBXNativeTarget section */

/* Begin PBXProject section */
		C5ECB8AE1E06200C00626CD8 /* Project object */ = {
			isa = PBXProject;
			attributes = {
				LastSwiftUpdateCheck = 0810;
				LastUpgradeCheck = 0810;
				ORGANIZATIONNAME = "Richard Leh";
				TargetAttributes = {
					C5ECB8B51E06200C00626CD8 = {
						CreatedOnToolsVersion = 8.1;
						ProvisioningStyle = Automatic;
					};
					C5ECB8C91E06200C00626CD8 = {
						CreatedOnToolsVersion = 8.1;
						ProvisioningStyle = Automatic;
						TestTargetID = C5ECB8B51E06200C00626CD8;
					};
				};
			};
			buildConfigurationList = C5ECB8B11E06200C00626CD8 /* Build configuration list for PBXProject "TMDBAppTest" */;
			compatibilityVersion = "Xcode 3.2";
			developmentRegion = English;
			hasScannedForEncodings = 0;
			knownRegions = (
				en,
				Base,
			);
			mainGroup = C5ECB8AD1E06200C00626CD8;
			productRefGroup = C5ECB8B71E06200C00626CD8 /* Products */;
			projectDirPath = "";
			projectRoot = "";
			targets = (
				C5ECB8B51E06200C00626CD8 /* TMDBAppTest */,
				C5ECB8C91E06200C00626CD8 /* TMDBAppTestTests */,
			);
		};
/* End PBXProject section */

/* Begin PBXResourcesBuildPhase section */
		C5ECB8B41E06200C00626CD8 /* Resources */ = {
			isa = PBXResourcesBuildPhase;
			buildActionMask = 2147483647;
			files = (
				C5ECB8C41E06200C00626CD8 /* LaunchScreen.storyboard in Resources */,
				C5ECB8C11E06200C00626CD8 /* Assets.xcassets in Resources */,
				C5ECB8BF1E06200C00626CD8 /* Main.storyboard in Resources */,
			);
			runOnlyForDeploymentPostprocessing = 0;
		};
		C5ECB8C81E06200C00626CD8 /* Resources */ = {
			isa = PBXResourcesBuildPhase;
			buildActionMask = 2147483647;
			files = (
			);
			runOnlyForDeploymentPostprocessing = 0;
		};
/* End PBXResourcesBuildPhase section */

/* Begin PBXSourcesBuildPhase section */
		C5ECB8B21E06200C00626CD8 /* Sources */ = {
			isa = PBXSourcesBuildPhase;
			buildActionMask = 2147483647;
			files = (
				C5ECB8BC1E06200C00626CD8 /* ViewController.swift in Sources */,
				C5ECB8BA1E06200C00626CD8 /* AppDelegate.swift in Sources */,
			);
			runOnlyForDeploymentPostprocessing = 0;
		};
		C5ECB8C61E06200C00626CD8 /* Sources */ = {
			isa = PBXSourcesBuildPhase;
			buildActionMask = 2147483647;
			files = (
				C5ECB8CF1E06200C00626CD8 /* TMDBAppTestTests.swift in Sources */,
			);
			runOnlyForDeploymentPostprocessing = 0;
		};
/* End PBXSourcesBuildPhase section */

/* Begin PBXTargetDependency section */
		C5ECB8CC1E06200C00626CD8 /* PBXTargetDependency */ = {
			isa = PBXTargetDependency;
			target = C5ECB8B51E06200C00626CD8 /* TMDBAppTest */;
			targetProxy = C5ECB8CB1E06200C00626CD8 /* PBXContainerItemProxy */;
		};
/* End PBXTargetDependency section */

/* Begin PBXVariantGroup section */
		C5ECB8BD1E06200C00626CD8 /* Main.storyboard */ = {
			isa = PBXVariantGroup;
			children = (
				C5ECB8BE1E06200C00626CD8 /* Base */,
			);
			name = Main.storyboard;
			sourceTree = "<group>";
		};
		C5ECB8C21E06200C00626CD8 /* LaunchScreen.storyboard */ = {
			isa = PBXVariantGroup;
			children = (
				C5ECB8C31E06200C00626CD8 /* Base */,
			);
			name = LaunchScreen.storyboard;
			sourceTree = "<group>";
		};
/* End PBXVariantGroup section */

/* Begin XCBuildConfiguration section */
		C5ECB8D11E06200C00626CD8 /* Debug */ = {
			isa = XCBuildConfiguration;
			buildSettings = {
				ALWAYS_SEARCH_USER_PATHS = NO;
				CLANG_ANALYZER_NONNULL = YES;
				CLANG_CXX_LANGUAGE_STANDARD = "gnu++0x";
				CLANG_CXX_LIBRARY = "libc++";
				CLANG_ENABLE_MODULES = YES;
				CLANG_ENABLE_OBJC_ARC = YES;
				CLANG_WARN_BOOL_CONVERSION = YES;
				CLANG_WARN_CONSTANT_CONVERSION = YES;
				CLANG_WARN_DIRECT_OBJC_ISA_USAGE = YES_ERROR;
				CLANG_WARN_DOCUMENTATION_COMMENTS = YES;
				CLANG_WARN_EMPTY_BODY = YES;
				CLANG_WARN_ENUM_CONVERSION = YES;
				CLANG_WARN_INFINITE_RECURSION = YES;
				CLANG_WARN_INT_CONVERSION = YES;
				CLANG_WARN_OBJC_ROOT_CLASS = YES_ERROR;
				CLANG_WARN_SUSPICIOUS_MOVES = YES;
				CLANG_WARN_UNREACHABLE_CODE = YES;
				CLANG_WARN__DUPLICATE_METHOD_MATCH = YES;
				"CODE_SIGN_IDENTITY[sdk=iphoneos*]" = "iPhone Developer";
				COPY_PHASE_STRIP = NO;
				DEBUG_INFORMATION_FORMAT = dwarf;
				ENABLE_STRICT_OBJC_MSGSEND = YES;
				ENABLE_TESTABILITY = YES;
				GCC_C_LANGUAGE_STANDARD = gnu99;
				GCC_DYNAMIC_NO_PIC = NO;
				GCC_NO_COMMON_BLOCKS = YES;
				GCC_OPTIMIZATION_LEVEL = 0;
				GCC_PREPROCESSOR_DEFINITIONS = (
					"DEBUG=1",
					"$(inherited)",
				);
				GCC_WARN_64_TO_32_BIT_CONVERSION = YES;
				GCC_WARN_ABOUT_RETURN_TYPE = YES_ERROR;
				GCC_WARN_UNDECLARED_SELECTOR = YES;
				GCC_WARN_UNINITIALIZED_AUTOS = YES_AGGRESSIVE;
				GCC_WARN_UNUSED_FUNCTION = YES;
				GCC_WARN_UNUSED_VARIABLE = YES;
				IPHONEOS_DEPLOYMENT_TARGET = 10.1;
				MTL_ENABLE_DEBUG_INFO = YES;
				ONLY_ACTIVE_ARCH = YES;
				SDKROOT = iphoneos;
				SWIFT_ACTIVE_COMPILATION_CONDITIONS = DEBUG;
				SWIFT_OPTIMIZATION_LEVEL = "-Onone";
				TARGETED_DEVICE_FAMILY = "1,2";
			};
			name = Debug;
		};
		C5ECB8D21E06200C00626CD8 /* Release */ = {
			isa = XCBuildConfiguration;
			buildSettings = {
				ALWAYS_SEARCH_USER_PATHS = NO;
				CLANG_ANALYZER_NONNULL = YES;
				CLANG_CXX_LANGUAGE_STANDARD = "gnu++0x";
				CLANG_CXX_LIBRARY = "libc++";
				CLANG_ENABLE_MODULES = YES;
				CLANG_ENABLE_OBJC_ARC = YES;
				CLANG_WARN_BOOL_CONVERSION = YES;
				CLANG_WARN_CONSTANT_CONVERSION = YES;
				CLANG_WARN_DIRECT_OBJC_ISA_USAGE = YES_ERROR;
				CLANG_WARN_DOCUMENTATION_COMMENTS = YES;
				CLANG_WARN_EMPTY_BODY = YES;
				CLANG_WARN_ENUM_CONVERSION = YES;
				CLANG_WARN_INFINITE_RECURSION = YES;
				CLANG_WARN_INT_CONVERSION = YES;
				CLANG_WARN_OBJC_ROOT_CLASS = YES_ERROR;
				CLANG_WARN_SUSPICIOUS_MOVES = YES;
				CLANG_WARN_UNREACHABLE_CODE = YES;
				CLANG_WARN__DUPLICATE_METHOD_MATCH = YES;
				"CODE_SIGN_IDENTITY[sdk=iphoneos*]" = "iPhone Developer";
				COPY_PHASE_STRIP = NO;
				DEBUG_INFORMATION_FORMAT = "dwarf-with-dsym";
				ENABLE_NS_ASSERTIONS = NO;
				ENABLE_STRICT_OBJC_MSGSEND = YES;
				GCC_C_LANGUAGE_STANDARD = gnu99;
				GCC_NO_COMMON_BLOCKS = YES;
				GCC_WARN_64_TO_32_BIT_CONVERSION = YES;
				GCC_WARN_ABOUT_RETURN_TYPE = YES_ERROR;
				GCC_WARN_UNDECLARED_SELECTOR = YES;
				GCC_WARN_UNINITIALIZED_AUTOS = YES_AGGRESSIVE;
				GCC_WARN_UNUSED_FUNCTION = YES;
				GCC_WARN_UNUSED_VARIABLE = YES;
				IPHONEOS_DEPLOYMENT_TARGET = 10.1;
				MTL_ENABLE_DEBUG_INFO = NO;
				SDKROOT = iphoneos;
				SWIFT_OPTIMIZATION_LEVEL = "-Owholemodule";
				TARGETED_DEVICE_FAMILY = "1,2";
				VALIDATE_PRODUCT = YES;
			};
			name = Release;
		};
		C5ECB8D41E06200C00626CD8 /* Debug */ = {
			isa = XCBuildConfiguration;
			buildSettings = {
				ASSETCATALOG_COMPILER_APPICON_NAME = AppIcon;
				INFOPLIST_FILE = TMDBAppTest/Info.plist;
				LD_RUNPATH_SEARCH_PATHS = "$(inherited) @executable_path/Frameworks";
				PRODUCT_BUNDLE_IDENTIFIER = richardleh.TMDBAppTest;
				PRODUCT_NAME = "$(TARGET_NAME)";
				SWIFT_VERSION = 3.0;
			};
			name = Debug;
		};
		C5ECB8D51E06200C00626CD8 /* Release */ = {
			isa = XCBuildConfiguration;
			buildSettings = {
				ASSETCATALOG_COMPILER_APPICON_NAME = AppIcon;
				INFOPLIST_FILE = TMDBAppTest/Info.plist;
				LD_RUNPATH_SEARCH_PATHS = "$(inherited) @executable_path/Frameworks";
				PRODUCT_BUNDLE_IDENTIFIER = richardleh.TMDBAppTest;
				PRODUCT_NAME = "$(TARGET_NAME)";
				SWIFT_VERSION = 3.0;
			};
			name = Release;
		};
		C5ECB8D71E06200C00626CD8 /* Debug */ = {
			isa = XCBuildConfiguration;
			buildSettings = {
				ALWAYS_EMBED_SWIFT_STANDARD_LIBRARIES = YES;
				BUNDLE_LOADER = "$(TEST_HOST)";
				INFOPLIST_FILE = TMDBAppTestTests/Info.plist;
				LD_RUNPATH_SEARCH_PATHS = "$(inherited) @executable_path/Frameworks @loader_path/Frameworks";
				PRODUCT_BUNDLE_IDENTIFIER = richardleh.TMDBAppTestTests;
				PRODUCT_NAME = "$(TARGET_NAME)";
				SWIFT_VERSION = 3.0;
				TEST_HOST = "$(BUILT_PRODUCTS_DIR)/TMDBAppTest.app/TMDBAppTest";
			};
			name = Debug;
		};
		C5ECB8D81E06200C00626CD8 /* Release */ = {
			isa = XCBuildConfiguration;
			buildSettings = {
				ALWAYS_EMBED_SWIFT_STANDARD_LIBRARIES = YES;
				BUNDLE_LOADER = "$(TEST_HOST)";
				INFOPLIST_FILE = TMDBAppTestTests/Info.plist;
				LD_RUNPATH_SEARCH_PATHS = "$(inherited) @executable_path/Frameworks @loader_path/Frameworks";
				PRODUCT_BUNDLE_IDENTIFIER = richardleh.TMDBAppTestTests;
				PRODUCT_NAME = "$(TARGET_NAME)";
				SWIFT_VERSION = 3.0;
				TEST_HOST = "$(BUILT_PRODUCTS_DIR)/TMDBAppTest.app/TMDBAppTest";
			};
			name = Release;
		};
/* End XCBuildConfiguration section */

/* Begin XCConfigurationList section */
		C5ECB8B11E06200C00626CD8 /* Build configuration list for PBXProject "TMDBAppTest" */ = {
			isa = XCConfigurationList;
			buildConfigurations = (
				C5ECB8D11E06200C00626CD8 /* Debug */,
				C5ECB8D21E06200C00626CD8 /* Release */,
			);
			defaultConfigurationIsVisible = 0;
			defaultConfigurationName = Release;
		};
		C5ECB8D31E06200C00626CD8 /* Build configuration list for PBXNativeTarget "TMDBAppTest" */ = {
			isa = XCConfigurationList;
			buildConfigurations = (
				C5ECB8D41E06200C00626CD8 /* Debug */,
				C5ECB8D51E06200C00626CD8 /* Release */,
			);
			defaultConfigurationIsVisible = 0;
		};
		C5ECB8D61E06200C00626CD8 /* Build configuration list for PBXNativeTarget "TMDBAppTestTests" */ = {
			isa = XCConfigurationList;
			buildConfigurations = (
				C5ECB8D71E06200C00626CD8 /* Debug */,
				C5ECB8D81E06200C00626CD8 /* Release */,
			);
			defaultConfigurationIsVisible = 0;
		};
/* End XCConfigurationList section */
	};
	rootObject = C5ECB8AE1E06200C00626CD8 /* Project object */;
}
